
Microsoft Visual Studio Solution File, Format Version 12.00
# Visual Studio Version 16
VisualStudioVersion = 16.0.30717.126
MinimumVisualStudioVersion = 10.0.40219.1
Project("{FAE04EC0-301F-11D3-BF4B-00C04F79EFBC}") = "AdminJonganggur.Android", "AdminJonganggur\AdminJonganggur.Android\AdminJonganggur.Android.csproj", "{48B9E809-56EB-4A5B-A687-456A534A15F5}"
EndProject
Project("{FAE04EC0-301F-11D3-BF4B-00C04F79EFBC}") = "AdminJonganggur.iOS", "AdminJonganggur\AdminJonganggur.iOS\AdminJonganggur.iOS.csproj", "{10C9F43F-D5EE-4B06-A0DD-0CB01F83FDC9}"
EndProject
Project("{FAE04EC0-301F-11D3-BF4B-00C04F79EFBC}") = "AdminJonganggur", "AdminJonganggur\AdminJonganggur\AdminJonganggur.csproj", "{62D6356A-509A-4FB3-A259-F2DE90381A7A}"
EndProject
Global
	GlobalSection(SolutionConfigurationPlatforms) = preSolution
		Debug|Any CPU = Debug|Any CPU
		Debug|iPhone = Debug|iPhone
		Debug|iPhoneSimulator = Debug|iPhoneSimulator
		Release|Any CPU = Release|Any CPU
		Release|iPhone = Release|iPhone
		Release|iPhoneSimulator = Release|iPhoneSimulator
	EndGlobalSection
	GlobalSection(ProjectConfigurationPlatforms) = postSolution
		{48B9E809-56EB-4A5B-A687-456A534A15F5}.Debug|Any CPU.ActiveCfg = Debug|Any CPU
		{48B9E809-56EB-4A5B-A687-456A534A15F5}.Debug|Any CPU.Build.0 = Debug|Any CPU
		{48B9E809-56EB-4A5B-A687-456A534A15F5}.Debug|Any CPU.Deploy.0 = Debug|Any CPU
		{48B9E809-56EB-4A5B-A687-456A534A15F5}.Debug|iPhone.ActiveCfg = Debug|Any CPU
		{48B9E809-56EB-4A5B-A687-456A534A15F5}.Debug|iPhone.Build.0 = Debug|Any CPU
		{48B9E809-56EB-4A5B-A687-456A534A15F5}.Debug|iPhone.Deploy.0 = Debug|Any CPU
		{48B9E809-56EB-4A5B-A687-456A534A15F5}.Debug|iPhoneSimulator.ActiveCfg = Debug|Any CPU
		{48B9E809-56EB-4A5B-A687-456A534A15F5}.Debug|iPhoneSimulator.Build.0 = Debug|Any CPU
		{48B9E809-56EB-4A5B-A687-456A534A15F5}.Debug|iPhoneSimulator.Deploy.0 = Debug|Any CPU
		{48B9E809-56EB-4A5B-A687-456A534A15F5}.Release|Any CPU.ActiveCfg = Release|Any CPU
		{48B9E809-56EB-4A5B-A687-456A534A15F5}.Release|Any CPU.Build.0 = Release|Any CPU
		{48B9E809-56EB-4A5B-A687-456A534A15F5}.Release|Any CPU.Deploy.0 = Release|Any CPU
		{48B9E809-56EB-4A5B-A687-456A534A15F5}.Release|iPhone.ActiveCfg = Release|Any CPU
		{48B9E809-56EB-4A5B-A687-456A534A15F5}.Release|iPhone.Build.0 = Release|Any CPU
		{48B9E809-56EB-4A5B-A687-456A534A15F5}.Release|iPhone.Deploy.0 = Release|Any CPU
		{48B9E809-56EB-4A5B-A687-456A534A15F5}.Release|iPhoneSimulator.ActiveCfg = Release|Any CPU
		{48B9E809-56EB-4A5B-A687-456A534A15F5}.Release|iPhoneSimulator.Build.0 = Release|Any CPU
		{48B9E809-56EB-4A5B-A687-456A534A15F5}.Release|iPhoneSimulator.Deploy.0 = Release|Any CPU
		{10C9F43F-D5EE-4B06-A0DD-0CB01F83FDC9}.Debug|Any CPU.ActiveCfg = Debug|iPhone
		{10C9F43F-D5EE-4B06-A0DD-0CB01F83FDC9}.Debug|Any CPU.Build.0 = Debug|iPhone
		{10C9F43F-D5EE-4B06-A0DD-0CB01F83FDC9}.Debug|Any CPU.Deploy.0 = Debug|iPhone
		{10C9F43F-D5EE-4B06-A0DD-0CB01F83FDC9}.Debug|iPhone.ActiveCfg = Debug|iPhone
		{10C9F43F-D5EE-4B06-A0DD-0CB01F83FDC9}.Debug|iPhone.Build.0 = Debug|iPhone
		{10C9F43F-D5EE-4B06-A0DD-0CB01F83FDC9}.Debug|iPhone.Deploy.0 = Debug|iPhone
		{10C9F43F-D5EE-4B06-A0DD-0CB01F83FDC9}.Debug|iPhoneSimulator.ActiveCfg = Debug|iPhoneSimulator
		{10C9F43F-D5EE-4B06-A0DD-0CB01F83FDC9}.Debug|iPhoneSimulator.Build.0 = Debug|iPhoneSimulator
		{10C9F43F-D5EE-4B06-A0DD-0CB01F83FDC9}.Debug|iPhoneSimulator.Deploy.0 = Debug|iPhoneSimulator
		{10C9F43F-D5EE-4B06-A0DD-0CB01F83FDC9}.Release|Any CPU.ActiveCfg = Release|iPhoneSimulator
		{10C9F43F-D5EE-4B06-A0DD-0CB01F83FDC9}.Release|Any CPU.Build.0 = Release|iPhoneSimulator
		{10C9F43F-D5EE-4B06-A0DD-0CB01F83FDC9}.Release|Any CPU.Deploy.0 = Release|iPhoneSimulator
		{10C9F43F-D5EE-4B06-A0DD-0CB01F83FDC9}.Release|iPhone.ActiveCfg = Release|iPhone
		{10C9F43F-D5EE-4B06-A0DD-0CB01F83FDC9}.Release|iPhone.Build.0 = Release|iPhone
		{10C9F43F-D5EE-4B06-A0DD-0CB01F83FDC9}.Release|iPhone.Deploy.0 = Release|iPhone
		{10C9F43F-D5EE-4B06-A0DD-0CB01F83FDC9}.Release|iPhoneSimulator.ActiveCfg = Release|iPhoneSimulator
		{10C9F43F-D5EE-4B06-A0DD-0CB01F83FDC9}.Release|iPhoneSimulator.Build.0 = Release|iPhoneSimulator
		{10C9F43F-D5EE-4B06-A0DD-0CB01F83FDC9}.Release|iPhoneSimulator.Deploy.0 = Release|iPhoneSimulator
		{62D6356A-509A-4FB3-A259-F2DE90381A7A}.Debug|Any CPU.ActiveCfg = Debug|Any CPU
		{62D6356A-509A-4FB3-A259-F2DE90381A7A}.Debug|Any CPU.Build.0 = Debug|Any CPU
		{62D6356A-509A-4FB3-A259-F2DE90381A7A}.Debug|Any CPU.Deploy.0 = Debug|Any CPU
		{62D6356A-509A-4FB3-A259-F2DE90381A7A}.Debug|iPhone.ActiveCfg = Debug|Any CPU
		{62D6356A-509A-4FB3-A259-F2DE90381A7A}.Debug|iPhone.Build.0 = Debug|Any CPU
		{62D6356A-509A-4FB3-A259-F2DE90381A7A}.Debug|iPhone.Deploy.0 = Debug|Any CPU
		{62D6356A-509A-4FB3-A259-F2DE90381A7A}.Debug|iPhoneSimulator.ActiveCfg = Debug|Any CPU
		{62D6356A-509A-4FB3-A259-F2DE90381A7A}.Debug|iPhoneSimulator.Build.0 = Debug|Any CPU
		{62D6356A-509A-4FB3-A259-F2DE90381A7A}.Debug|iPhoneSimulator.Deploy.0 = Debug|Any CPU
		{62D6356A-509A-4FB3-A259-F2DE90381A7A}.Release|Any CPU.ActiveCfg = Release|Any CPU
		{62D6356A-509A-4FB3-A259-F2DE90381A7A}.Release|Any CPU.Build.0 = Release|Any CPU
		{62D6356A-509A-4FB3-A259-F2DE90381A7A}.Release|Any CPU.Deploy.0 = Release|Any CPU
		{62D6356A-509A-4FB3-A259-F2DE90381A7A}.Release|iPhone.ActiveCfg = Release|Any CPU
		{62D6356A-509A-4FB3-A259-F2DE90381A7A}.Release|iPhone.Build.0 = Release|Any CPU
		{62D6356A-509A-4FB3-A259-F2DE90381A7A}.Release|iPhone.Deploy.0 = Release|Any CPU
		{62D6356A-509A-4FB3-A259-F2DE90381A7A}.Release|iPhoneSimulator.ActiveCfg = Release|Any CPU
		{62D6356A-509A-4FB3-A259-F2DE90381A7A}.Release|iPhoneSimulator.Build.0 = Release|Any CPU
		{62D6356A-509A-4FB3-A259-F2DE90381A7A}.Release|iPhoneSimulator.Deploy.0 = Release|Any CPU
	EndGlobalSection
	GlobalSection(SolutionProperties) = preSolution
		HideSolutionNode = FALSE
	EndGlobalSection
	GlobalSection(ExtensibilityGlobals) = postSolution
		SolutionGuid = {0CF65BD1-6EC5-4080-BA00-794AABFFA00D}
	EndGlobalSection
EndGlobal
